speakeasyVersion: 1.752.0
sources:
    Public:
        sourceNamespace: public
        sourceRevisionDigest: sha256:fb9c696c7a1e1d84b5c7d175bed0ff73aa911fd2c6a645bedfd526ce395855fe
        sourceBlobDigest: sha256:71cb3b73004dc8795997692168fdedd1f058f017a1bd3c88e88b3fae4db717ed
        tags:
            - latest
            - ea
targets:
    public-csharp:
        source: Public
        sourceNamespace: public
        sourceRevisionDigest: sha256:fb9c696c7a1e1d84b5c7d175bed0ff73aa911fd2c6a645bedfd526ce395855fe
        sourceBlobDigest: sha256:71cb3b73004dc8795997692168fdedd1f058f017a1bd3c88e88b3fae4db717ed
        codeSamplesNamespace: csharp
        codeSamplesRevisionDigest: sha256:ca65b710d555326f3e959f9da0af139bb4565fb2944a06034263ee01285ad7e6
    public-java:
        source: Public
        sourceNamespace: public
        sourceRevisionDigest: sha256:fb9c696c7a1e1d84b5c7d175bed0ff73aa911fd2c6a645bedfd526ce395855fe
        sourceBlobDigest: sha256:71cb3b73004dc8795997692168fdedd1f058f017a1bd3c88e88b3fae4db717ed
        codeSamplesNamespace: java
        codeSamplesRevisionDigest: sha256:802c55559801d2c82b92abf243767d9e0a36829bc68b1c8f54113affeeff149b
    public-typescript:
        source: Public
        sourceNamespace: public
        sourceRevisionDigest: sha256:fb9c696c7a1e1d84b5c7d175bed0ff73aa911fd2c6a645bedfd526ce395855fe
        sourceBlobDigest: sha256:71cb3b73004dc8795997692168fdedd1f058f017a1bd3c88e88b3fae4db717ed
        codeSamplesNamespace: typescript
        codeSamplesRevisionDigest: sha256:393123ecf1afde5d8bcd4d5fb849d55f70668618033f1a0ed1821075b5e4c3d4
workflow:
    workflowVersion: 1.0.0
    speakeasyVersion: 1.752.0
    sources:
        Public:
            inputs:
                - location: ./cvent-public-spec/openapi.yaml
            overlays:
                - location: ./overlays/public_overlay.yaml
                - location: ./overlays/operation_level_pagination_overlay.yaml
                - location: ./overlays/pagination_overlay.yaml
                - location: ./overlays/description_overlay.yaml
                - location: ./overlays/segments_error_response_overlay.yaml
                - location: ./overlays/retries_overlay.yaml
            registry:
                location: registry.speakeasyapi.dev/cvent/rest-sdks/public
    targets:
        public-csharp:
            target: csharp
            source: Public
            output: ./packages/csharp
            publish:
                nuget:
                    apiKey: $nuget_api_key
            codeSamples:
                registry:
                    location: registry.speakeasyapi.dev/cvent/rest-sdks/csharp
                labelOverride:
                    fixedValue: CSharp (SDK)
                blocking: false
        public-java:
            target: java
            source: Public
            output: ./packages/java
            publish:
                java:
                    ossrhUsername: $ossrh_username
                    ossrhPassword: $ossrh_password
                    gpgSecretKey: $java_gpg_secret_key
                    gpgPassPhrase: $java_gpg_passphrase
            codeSamples:
                registry:
                    location: registry.speakeasyapi.dev/cvent/rest-sdks/java
                labelOverride:
                    fixedValue: Java (SDK)
                blocking: false
        public-typescript:
            target: typescript
            source: Public
            output: ./packages/typescript
            publish:
                npm:
                    token: $npm_token
            codeSamples:
                registry:
                    location: registry.speakeasyapi.dev/cvent/rest-sdks/typescript
                labelOverride:
                    fixedValue: Typescript (SDK)
                blocking: false
