speakeasyVersion: 1.752.0
sources:
    Public:
        sourceNamespace: public
        sourceRevisionDigest: sha256:82fcb0efee5c4c454b2d79ef862d047863405154cff3289d03e6325eb847f0af
        sourceBlobDigest: sha256:14cc298497bd533e985172a5dcb8dff463a204d53f9a2e7fbe369a625ba64316
        tags:
            - latest
            - ea
targets:
    public-csharp:
        source: Public
        sourceNamespace: public
        sourceRevisionDigest: sha256:82fcb0efee5c4c454b2d79ef862d047863405154cff3289d03e6325eb847f0af
        sourceBlobDigest: sha256:14cc298497bd533e985172a5dcb8dff463a204d53f9a2e7fbe369a625ba64316
        codeSamplesNamespace: csharp
        codeSamplesRevisionDigest: sha256:9077d70b54f8d4c77bacff2b02c677882b325380ceb676c054afbe7996ec067e
    public-java:
        source: Public
        sourceNamespace: public
        sourceRevisionDigest: sha256:82fcb0efee5c4c454b2d79ef862d047863405154cff3289d03e6325eb847f0af
        sourceBlobDigest: sha256:14cc298497bd533e985172a5dcb8dff463a204d53f9a2e7fbe369a625ba64316
        codeSamplesNamespace: java
        codeSamplesRevisionDigest: sha256:50f03fbed2fa66f728309819be05f52b639852515b2ba27a09e312289847df4b
    public-typescript:
        source: Public
        sourceNamespace: public
        sourceRevisionDigest: sha256:82fcb0efee5c4c454b2d79ef862d047863405154cff3289d03e6325eb847f0af
        sourceBlobDigest: sha256:14cc298497bd533e985172a5dcb8dff463a204d53f9a2e7fbe369a625ba64316
        codeSamplesNamespace: typescript
        codeSamplesRevisionDigest: sha256:669cad9622a81460c6a54ad0cc43d574a1e7c4b41f3a70ce26d66298b50138a8
workflow:
    workflowVersion: 1.0.0
    speakeasyVersion: 1.752.0
    sources:
        Public:
            inputs:
                - location: ./cvent-public-spec/openapi.yaml
            overlays:
                - location: ./overlays/public_overlay.yaml
                - location: ./overlays/operation_level_pagination_overlay.yaml
                - location: ./overlays/description_overlay.yaml
                - location: ./overlays/segments_error_response_overlay.yaml
                - location: ./overlays/retries_overlay.yaml
            registry:
                location: registry.speakeasyapi.dev/cvent/rest-sdks/public
    targets:
        public-csharp:
            target: csharp
            source: Public
            output: ./packages/csharp
            publish:
                nuget:
                    apiKey: $nuget_api_key
            codeSamples:
                registry:
                    location: registry.speakeasyapi.dev/cvent/rest-sdks/csharp
                labelOverride:
                    fixedValue: CSharp (SDK)
                blocking: false
        public-java:
            target: java
            source: Public
            output: ./packages/java
            publish:
                java:
                    ossrhUsername: $ossrh_username
                    ossrhPassword: $ossrh_password
                    gpgSecretKey: $java_gpg_secret_key
                    gpgPassPhrase: $java_gpg_passphrase
            codeSamples:
                registry:
                    location: registry.speakeasyapi.dev/cvent/rest-sdks/java
                labelOverride:
                    fixedValue: Java (SDK)
                blocking: false
        public-typescript:
            target: typescript
            source: Public
            output: ./packages/typescript
            publish:
                npm:
                    token: $npm_token
            codeSamples:
                registry:
                    location: registry.speakeasyapi.dev/cvent/rest-sdks/typescript
                labelOverride:
                    fixedValue: Typescript (SDK)
                blocking: false
