speakeasyVersion: 1.741.3
sources:
    Public:
        sourceNamespace: public
        sourceRevisionDigest: sha256:c235a8653a8473f60169d55f25bd0ae93a41f0dd849469c12466242260cff70d
        sourceBlobDigest: sha256:bc4ed9649195b737a4f5dd51b675528269311f8c760b06e311dac40921116c69
        tags:
            - latest
            - ea
targets:
    public-csharp:
        source: Public
        sourceNamespace: public
        sourceRevisionDigest: sha256:c235a8653a8473f60169d55f25bd0ae93a41f0dd849469c12466242260cff70d
        sourceBlobDigest: sha256:bc4ed9649195b737a4f5dd51b675528269311f8c760b06e311dac40921116c69
        codeSamplesNamespace: csharp
        codeSamplesRevisionDigest: sha256:146183638da098db13516be0d995626ad6d1f385dabdec790ab5eeb15e2b1d02
    public-java:
        source: Public
        sourceNamespace: public
        sourceRevisionDigest: sha256:c235a8653a8473f60169d55f25bd0ae93a41f0dd849469c12466242260cff70d
        sourceBlobDigest: sha256:bc4ed9649195b737a4f5dd51b675528269311f8c760b06e311dac40921116c69
        codeSamplesNamespace: java
        codeSamplesRevisionDigest: sha256:ca4980dc9a46d458a592e72c458d968e8593d5a0ddd5d26f40b45a167e1afdc9
    public-typescript:
        source: Public
        sourceNamespace: public
        sourceRevisionDigest: sha256:c235a8653a8473f60169d55f25bd0ae93a41f0dd849469c12466242260cff70d
        sourceBlobDigest: sha256:bc4ed9649195b737a4f5dd51b675528269311f8c760b06e311dac40921116c69
        codeSamplesNamespace: typescript
        codeSamplesRevisionDigest: sha256:717e03cb6a2fda9c0ebadb2619b2169a08c85723f1fbd156f9037f57f4395b21
workflow:
    workflowVersion: 1.0.0
    speakeasyVersion: 1.741.3
    sources:
        Public:
            inputs:
                - location: ./cvent-public-spec/openapi.yaml
            overlays:
                - location: ./overlays/public_overlay.yaml
                - location: ./overlays/operation_level_pagination_overlay.yaml
                - location: ./overlays/pagination_overlay.yaml
                - location: ./overlays/description_overlay.yaml
                - location: ./overlays/segments_error_response_overlay.yaml
            registry:
                location: registry.speakeasyapi.dev/cvent/rest-sdks/public
    targets:
        public-csharp:
            target: csharp
            source: Public
            output: ./packages/csharp
            publish:
                nuget:
                    apiKey: $nuget_api_key
            codeSamples:
                registry:
                    location: registry.speakeasyapi.dev/cvent/rest-sdks/csharp
                labelOverride:
                    fixedValue: CSharp (SDK)
                blocking: false
        public-java:
            target: java
            source: Public
            output: ./packages/java
            publish:
                java:
                    ossrhUsername: $ossrh_username
                    ossrhPassword: $ossrh_password
                    gpgSecretKey: $java_gpg_secret_key
                    gpgPassPhrase: $java_gpg_passphrase
            codeSamples:
                registry:
                    location: registry.speakeasyapi.dev/cvent/rest-sdks/java
                labelOverride:
                    fixedValue: Java (SDK)
                blocking: false
        public-typescript:
            target: typescript
            source: Public
            output: ./packages/typescript
            publish:
                npm:
                    token: $npm_token
            codeSamples:
                registry:
                    location: registry.speakeasyapi.dev/cvent/rest-sdks/typescript
                labelOverride:
                    fixedValue: Typescript (SDK)
                blocking: false
